{
  "name": "@r3ply/cloudflare-worker",
  "version": "0.0.1",
  "lockfileVersion": 3,
  "requires": true,
  "packages": {
    "": {
      "name": "@r3ply/cloudflare-worker",
      "version": "0.0.1",
      "dependencies": {
        "@iarna/toml": "^3.0.0",
        "@mail-parser/ts-bindings": "file:../../tools/mail-parser-ts-bindings-0.9.1.tgz",
        "@octokit/app": "^15.1.4",
        "@octokit/core": "^6.1.4",
        "@octokit/rest": "^21.1.1",
        "@octokit/types": "^12.3.0",
        "@r3ply/wasm": "file:../../crates/r3ply-wasm/pkg/r3ply-wasm-0.0.1.tgz",
        "mime": "^4.0.6",
        "mimetext": "^3.0.16",
        "octokit": "^4.1.2",
        "oxide.ts": "^1.1.0"
      },
      "devDependencies": {
        "@cloudflare/vitest-pool-workers": "^0.6.16",
        "@cloudflare/workers-types": "^4.20250312.0",
        "typescript": "^5.5.4",
        "vitest": "^2.1.9",
        "wrangler": "^3.93.0"
      }
    },
    "../../node_modules/.pnpm/@cloudflare+vitest-pool-workers@0.6.16_@cloudflare+workers-types@4.20250312.0_@vitest+r_a05d4ec52848769485fad449936ee605/node_modules/@cloudflare/vitest-pool-workers": {
      "version": "0.6.16",
      "dev": true,
      "license": "MIT",
      "dependencies": {
        "birpc": "0.2.14",
        "cjs-module-lexer": "^1.2.3",
        "devalue": "^4.3.0",
        "esbuild": "0.17.19",
        "miniflare": "3.20250204.1",
        "semver": "^7.5.1",
        "wrangler": "3.109.1",
        "zod": "^3.22.3"
      },
      "devDependencies": {
        "@cloudflare/eslint-config-worker": "1.1.0",
        "@cloudflare/mock-npm-registry": "0.0.0",
        "@cloudflare/workers-tsconfig": "0.0.0",
        "@cloudflare/workers-types": "^4.20250204.0",
        "@types/node": "^18.19.71",
        "@types/semver": "^7.5.1",
        "@vitest/runner": "~2.1.9",
        "@vitest/snapshot": "~2.1.9",
        "capnp-es": "^0.0.7",
        "ts-dedent": "^2.2.0",
        "typescript": "^5.7.2",
        "undici": "^5.28.4",
        "vitest": "~2.1.9"
      },
      "peerDependencies": {
        "@vitest/runner": "2.0.x - 2.1.x",
        "@vitest/snapshot": "2.0.x - 2.1.x",
        "vitest": "2.0.x - 2.1.x"
      }
    },
    "../../node_modules/.pnpm/@cloudflare+workers-types@4.20250312.0/node_modules/@cloudflare/workers-types": {
      "version": "4.20250312.0",
      "dev": true,
      "license": "MIT OR Apache-2.0"
    },
    "../../node_modules/.pnpm/@exodus+schemasafe@1.3.0/node_modules/@exodus/schemasafe": {
      "version": "1.3.0",
      "extraneous": true,
      "license": "MIT",
      "devDependencies": {
        "c8": "^7.9.0",
        "eslint": "^7.32.0",
        "eslint-config-prettier": "^3.1.0",
        "eslint-config-standard": "^16.0.3",
        "eslint-plugin-import": "^2.24.2",
        "eslint-plugin-node": "^11.1.0",
        "eslint-plugin-promise": "^5.1.0",
        "prettier": "~1.14.3",
        "safe-regex": "^1.1.0",
        "tap-spec": "^5.0.0",
        "tape": "^5.3.1"
      }
    },
    "../../node_modules/.pnpm/@iarna+toml@2.2.5/node_modules/@iarna/toml": {
      "version": "2.2.5",
      "extraneous": true,
      "license": "ISC",
      "devDependencies": {
        "@iarna/standard": "^2.0.2",
        "@ltd/j-toml": "^0.5.107",
        "@perl/qx": "^1.1.0",
        "@sgarciac/bombadil": "^2.3.0",
        "ansi": "^0.3.1",
        "approximate-number": "^2.0.0",
        "benchmark": "^2.1.4",
        "fast-toml": "^0.5.4",
        "funstream": "^4.2.0",
        "glob": "^7.1.6",
        "js-yaml": "^3.13.1",
        "rimraf": "^3.0.2",
        "tap": "^12.0.1",
        "toml": "^3.0.0",
        "toml-j0.4": "^1.1.1",
        "weallbehave": "*",
        "weallcontribute": "*"
      }
    },
    "../../node_modules/.pnpm/@iarna+toml@3.0.0/node_modules/@iarna/toml": {
      "version": "3.0.0",
      "license": "ISC",
      "devDependencies": {
        "@iarna/standard": "^2.0.2",
        "@ltd/j-toml": "^0.5.107",
        "@perl/qx": "^1.0.2",
        "@sgarciac/bombadil": "^2.3.0",
        "ansi": "^0.3.1",
        "approximate-number": "^2.0.0",
        "benchmark": "^2.1.4",
        "fast-toml": "^0.5.4",
        "funstream": "^3.0.0",
        "glob": "^7.1.2",
        "js-yaml": "^3.13.1",
        "rimraf": "^2.6.2",
        "tap": "^12.0.1",
        "toml": "^3.0.0",
        "toml-j0.4": "^1.1.1",
        "weallbehave": "*",
        "weallcontribute": "*"
      }
    },
    "../../node_modules/.pnpm/@octokit+app@15.1.5/node_modules/@octokit/app": {
      "version": "15.1.5",
      "license": "MIT",
      "dependencies": {
        "@octokit/auth-app": "^7.1.5",
        "@octokit/auth-unauthenticated": "^6.1.2",
        "@octokit/core": "^6.1.4",
        "@octokit/oauth-app": "^7.1.6",
        "@octokit/plugin-paginate-rest": "^11.4.2",
        "@octokit/types": "^13.8.0",
        "@octokit/webhooks": "^13.6.1"
      },
      "devDependencies": {
        "@octokit/tsconfig": "^4.0.0",
        "@types/node": "^22.0.0",
        "@vitest/coverage-v8": "^3.0.0",
        "esbuild": "^0.25.0",
        "express": "^4.17.1",
        "fetch-mock": "^12.0.0",
        "glob": "^10.0.0",
        "mockdate": "^3.0.2",
        "prettier": "3.5.1",
        "semantic-release-plugin-update-version-in-files": "^1.0.0",
        "typescript": "^5.0.0",
        "vitest": "^3.0.0"
      },
      "engines": {
        "node": ">= 18"
      }
    },
    "../../node_modules/.pnpm/@octokit+core@6.1.4/node_modules/@octokit/core": {
      "version": "6.1.4",
      "license": "MIT",
      "dependencies": {
        "@octokit/auth-token": "^5.0.0",
        "@octokit/graphql": "^8.1.2",
        "@octokit/request": "^9.2.1",
        "@octokit/request-error": "^6.1.7",
        "@octokit/types": "^13.6.2",
        "before-after-hook": "^3.0.2",
        "universal-user-agent": "^7.0.0"
      },
      "devDependencies": {
        "@octokit/auth-action": "^5.0.0",
        "@octokit/auth-app": "^7.0.0",
        "@octokit/auth-oauth-app": "^8.0.0",
        "@octokit/tsconfig": "^4.0.0",
        "@sinonjs/fake-timers": "^14.0.0",
        "@types/lolex": "^5.1.0",
        "@types/node": "^22.0.0",
        "@types/sinonjs__fake-timers": "^8.1.5",
        "@vitest/coverage-v8": "^3.0.5",
        "esbuild": "^0.25.0",
        "fetch-mock": "^12.0.0",
        "glob": "^11.0.0",
        "prettier": "3.4.2",
        "proxy": "^2.0.0",
        "semantic-release": "^24.0.0",
        "semantic-release-plugin-update-version-in-files": "^1.0.0",
        "typescript": "^5.0.0",
        "undici": "^6.0.0",
        "vitest": "^3.0.5"
      },
      "engines": {
        "node": ">= 18"
      }
    },
    "../../node_modules/.pnpm/@octokit+rest@21.1.1/node_modules/@octokit/rest": {
      "version": "21.1.1",
      "license": "MIT",
      "dependencies": {
        "@octokit/core": "^6.1.4",
        "@octokit/plugin-paginate-rest": "^11.4.2",
        "@octokit/plugin-request-log": "^5.3.1",
        "@octokit/plugin-rest-endpoint-methods": "^13.3.0"
      },
      "devDependencies": {
        "@octokit/auth-action": "^5.1.1",
        "@octokit/auth-app": "^7.1.4",
        "@octokit/fixtures-server": "^8.1.0",
        "@octokit/request": "^9.2.1",
        "@octokit/tsconfig": "^4.0.0",
        "@types/node": "^22.0.0",
        "@vitest/coverage-v8": "^3.0.0",
        "esbuild": "^0.25.0",
        "fetch-mock": "^12.0.0",
        "glob": "^11.0.0",
        "nock": "^14.0.0-beta.8",
        "prettier": "^3.2.4",
        "semantic-release-plugin-update-version-in-files": "^1.1.0",
        "typescript": "^5.3.3",
        "undici": "^6.4.0",
        "vitest": "^3.0.0"
      },
      "engines": {
        "node": ">= 18"
      }
    },
    "../../node_modules/.pnpm/@octokit+types@12.6.0/node_modules/@octokit/types": {
      "version": "12.6.0",
      "license": "MIT",
      "dependencies": {
        "@octokit/openapi-types": "^20.0.0"
      },
      "devDependencies": {
        "@octokit/tsconfig": "^2.0.0",
        "@types/node": ">= 8",
        "github-openapi-graphql-query": "^4.0.0",
        "handlebars": "^4.7.6",
        "json-schema-to-typescript": "^13.0.0",
        "lodash.set": "^4.3.2",
        "npm-run-all2": "^6.0.0",
        "pascal-case": "^3.1.1",
        "prettier": "^3.0.0",
        "semantic-release": "^23.0.0",
        "semantic-release-plugin-update-version-in-files": "^1.0.0",
        "sort-keys": "^5.0.0",
        "string-to-jsdoc-comment": "^1.0.0",
        "typedoc": "^0.25.0",
        "typescript": "^5.0.0"
      }
    },
    "../../node_modules/.pnpm/@types+micromatch@4.0.9/node_modules/@types/micromatch": {
      "version": "4.0.9",
      "extraneous": true,
      "license": "MIT",
      "dependencies": {
        "@types/braces": "*"
      }
    },
    "../../node_modules/.pnpm/dayjs@1.11.13/node_modules/dayjs": {
      "version": "1.11.13",
      "extraneous": true,
      "license": "MIT",
      "devDependencies": {
        "@babel/cli": "^7.0.0-beta.44",
        "@babel/core": "^7.0.0-beta.44",
        "@babel/node": "^7.0.0-beta.44",
        "@babel/preset-env": "^7.0.0-beta.44",
        "babel-core": "^7.0.0-bridge.0",
        "babel-jest": "^22.4.3",
        "babel-plugin-external-helpers": "^6.22.0",
        "cross-env": "^5.1.6",
        "eslint": "^4.19.1",
        "eslint-config-airbnb-base": "^12.1.0",
        "eslint-plugin-import": "^2.10.0",
        "eslint-plugin-jest": "^21.15.0",
        "gzip-size-cli": "^2.1.0",
        "jasmine-core": "^2.99.1",
        "jest": "^22.4.3",
        "karma": "^2.0.2",
        "karma-jasmine": "^1.1.2",
        "karma-sauce-launcher": "^1.1.0",
        "mockdate": "^2.0.2",
        "moment": "2.29.2",
        "moment-timezone": "0.5.31",
        "ncp": "^2.0.0",
        "pre-commit": "^1.2.2",
        "prettier": "^1.16.1",
        "rollup": "^2.45.1",
        "rollup-plugin-babel": "^4.4.0",
        "rollup-plugin-terser": "^7.0.2",
        "size-limit": "^0.18.0",
        "typescript": "^2.8.3"
      }
    },
    "../../node_modules/.pnpm/esbuild@0.25.1/node_modules/esbuild": {
      "version": "0.25.1",
      "extraneous": true,
      "hasInstallScript": true,
      "license": "MIT",
      "bin": {
        "esbuild": "bin/esbuild"
      },
      "engines": {
        "node": ">=18"
      },
      "optionalDependencies": {
        "@esbuild/aix-ppc64": "0.25.1",
        "@esbuild/android-arm": "0.25.1",
        "@esbuild/android-arm64": "0.25.1",
        "@esbuild/android-x64": "0.25.1",
        "@esbuild/darwin-arm64": "0.25.1",
        "@esbuild/darwin-x64": "0.25.1",
        "@esbuild/freebsd-arm64": "0.25.1",
        "@esbuild/freebsd-x64": "0.25.1",
        "@esbuild/linux-arm": "0.25.1",
        "@esbuild/linux-arm64": "0.25.1",
        "@esbuild/linux-ia32": "0.25.1",
        "@esbuild/linux-loong64": "0.25.1",
        "@esbuild/linux-mips64el": "0.25.1",
        "@esbuild/linux-ppc64": "0.25.1",
        "@esbuild/linux-riscv64": "0.25.1",
        "@esbuild/linux-s390x": "0.25.1",
        "@esbuild/linux-x64": "0.25.1",
        "@esbuild/netbsd-arm64": "0.25.1",
        "@esbuild/netbsd-x64": "0.25.1",
        "@esbuild/openbsd-arm64": "0.25.1",
        "@esbuild/openbsd-x64": "0.25.1",
        "@esbuild/sunos-x64": "0.25.1",
        "@esbuild/win32-arm64": "0.25.1",
        "@esbuild/win32-ia32": "0.25.1",
        "@esbuild/win32-x64": "0.25.1"
      }
    },
    "../../node_modules/.pnpm/json-schema-to-ts@3.1.1/node_modules/json-schema-to-ts": {
      "version": "3.1.1",
      "extraneous": true,
      "license": "MIT",
      "dependencies": {
        "@babel/runtime": "^7.18.3",
        "ts-algebra": "^2.0.0"
      },
      "devDependencies": {
        "@babel/cli": "^7.17.6",
        "@babel/core": "^7.17.5",
        "@babel/plugin-transform-runtime": "^7.17.0",
        "@babel/preset-env": "^7.16.11",
        "@babel/preset-typescript": "^7.16.7",
        "@rollup/plugin-typescript": "^8.3.2",
        "@trivago/prettier-plugin-sort-imports": "^4.3.0",
        "@types/jest": "^27.4.0",
        "@types/node": "^20.5.7",
        "@typescript-eslint/eslint-plugin": "^6.13.2",
        "@typescript-eslint/parser": "^6.13.2",
        "@zerollup/ts-transform-paths": "^1.7.18",
        "ajv": "^8.13.0",
        "babel-plugin-module-resolver": "^4.1.0",
        "dependency-cruiser": "^11.18.0",
        "eslint": "^8.27.0",
        "eslint-config-prettier": "^8.5.0",
        "eslint-import-resolver-typescript": "^3.5.2",
        "eslint-plugin-import": "^2.26.0",
        "eslint-plugin-jest": "^27.1.4",
        "eslint-plugin-jsdoc": "^46.4.6",
        "eslint-plugin-prefer-arrow": "^1.2.3",
        "eslint-plugin-prettier": "^5.0.1",
        "eslint-plugin-unused-imports": "^2.0.0",
        "jest": "^27.5.1",
        "prettier": "^3.1.0",
        "rollup": "^2.67.3",
        "rollup-plugin-dts": "4.1.0",
        "rollup-plugin-import-map": "^2.2.2",
        "rollup-plugin-typescript-paths": "^1.4.0",
        "ts-jest": "^28.0.2",
        "ts-node": "^10.9.1",
        "ts-toolbelt": "^9.6.0",
        "ts-unused-exports": "^8.0.0",
        "tsc-alias": "^1.8.8",
        "typescript": "^4.5.5"
      },
      "engines": {
        "node": ">=16"
      }
    },
    "../../node_modules/.pnpm/micromatch@4.0.8/node_modules/micromatch": {
      "version": "4.0.8",
      "extraneous": true,
      "license": "MIT",
      "dependencies": {
        "braces": "^3.0.3",
        "picomatch": "^2.3.1"
      },
      "devDependencies": {
        "fill-range": "^7.0.1",
        "gulp-format-md": "^2.0.0",
        "minimatch": "^5.0.1",
        "mocha": "^9.2.2",
        "time-require": "github:jonschlinkert/time-require"
      },
      "engines": {
        "node": ">=8.6"
      }
    },
    "../../node_modules/.pnpm/mime@4.0.6/node_modules/mime": {
      "version": "4.0.6",
      "funding": [
        "https://github.com/sponsors/broofa"
      ],
      "license": "MIT",
      "bin": {
        "mime": "bin/cli.js"
      },
      "devDependencies": {
        "@types/mime-db": "1.*",
        "@types/mime-types": "2.1.4",
        "@types/node": "22.10.2",
        "@typescript-eslint/eslint-plugin": "8.18.1",
        "@typescript-eslint/parser": "8.18.1",
        "chalk": "5.3.0",
        "mime-score": "2.0.4",
        "mime-types": "2.1.35",
        "prettier": "3.4.2",
        "release-please": "16.15.0",
        "runmd": "1.3.9",
        "typescript": "5.7.2"
      },
      "engines": {
        "node": ">=16"
      }
    },
    "../../node_modules/.pnpm/mimetext@3.0.27/node_modules/mimetext": {
      "version": "3.0.27",
      "license": "MIT",
      "dependencies": {
        "@babel/runtime": "^7.26.0",
        "@babel/runtime-corejs3": "^7.26.0",
        "js-base64": "^3.7.7",
        "mime-types": "^2.1.35"
      },
      "devDependencies": {
        "@aws-sdk/client-ses": "^3.716.0",
        "@aws-sdk/client-sesv2": "^3.716.0",
        "@babel/cli": "^7.26.4",
        "@babel/core": "^7.26.0",
        "@babel/plugin-transform-runtime": "^7.25.9",
        "@babel/preset-env": "^7.26.0",
        "@babel/preset-typescript": "^7.26.0",
        "@eslint/js": "^9.17.0",
        "@jest/globals": "^29.7.0",
        "@rollup/plugin-babel": "^6.0.4",
        "@rollup/plugin-commonjs": "^28.0.2",
        "@rollup/plugin-node-resolve": "^16.0.0",
        "@rollup/plugin-terser": "^0.4.4",
        "@rollup/plugin-typescript": "^12.1.2",
        "@swc/core": "^1.10.4",
        "@swc/jest": "^0.2.37",
        "@types/google-apps-script": "^1.0.89",
        "@types/mime-types": "^2.1.4",
        "@types/node": "^22.10.3",
        "commitizen": "^4.3.1",
        "core-js": "3.30",
        "cz-conventional-changelog": "^3.3.0",
        "dotenv": "^16.4.7",
        "eslint": "^9.17.0",
        "globals": "^15.14.0",
        "husky": "^9.1.7",
        "jest": "^29.7.0",
        "prettier": "^3.4.2",
        "rollup": "^4.29.1",
        "semantic-release": "^24.2.0",
        "typescript": "^5.7.2",
        "typescript-eslint": "^8.19.0"
      },
      "funding": {
        "type": "patreon",
        "url": "https://patreon.com/muratgozel"
      }
    },
    "../../node_modules/.pnpm/octokit@4.1.2/node_modules/octokit": {
      "version": "4.1.2",
      "license": "MIT",
      "dependencies": {
        "@octokit/app": "^15.1.4",
        "@octokit/core": "^6.1.4",
        "@octokit/oauth-app": "^7.1.6",
        "@octokit/plugin-paginate-graphql": "^5.2.4",
        "@octokit/plugin-paginate-rest": "^11.4.2",
        "@octokit/plugin-rest-endpoint-methods": "^13.3.1",
        "@octokit/plugin-retry": "^7.1.4",
        "@octokit/plugin-throttling": "^9.4.0",
        "@octokit/request-error": "^6.1.7",
        "@octokit/types": "^13.7.0"
      },
      "devDependencies": {
        "@octokit/tsconfig": "^4.0.0",
        "@types/node": "^22.0.0",
        "@vitest/coverage-v8": "^3.0.0",
        "esbuild": "^0.25.0",
        "fetch-mock": "^11.0.0",
        "glob": "^11.0.0",
        "mockdate": "^3.0.5",
        "prettier": "3.5.1",
        "semantic-release-plugin-update-version-in-files": "^1.1.0",
        "typescript": "^5.0.0",
        "vitest": "^3.0.0"
      },
      "engines": {
        "node": ">= 18"
      }
    },
    "../../node_modules/.pnpm/oxide.ts@1.1.0/node_modules/oxide.ts": {
      "version": "1.1.0",
      "license": "MIT",
      "devDependencies": {
        "@types/chai": "^4.3.1",
        "@types/mocha": "^9.1.0",
        "@typescript-eslint/eslint-plugin": "^5.19.0",
        "@typescript-eslint/parser": "^5.19.0",
        "chai": "^4.3.6",
        "eslint": "^8.13.0",
        "mocha": "^9.2.2",
        "nyc": "^15.1.0",
        "ts-node": "^10.7.0",
        "typescript": "^4.6.3"
      }
    },
    "../../node_modules/.pnpm/tsup@8.4.0_postcss@8.5.3_tsx@4.19.3_typescript@5.8.2/node_modules/tsup": {
      "version": "8.4.0",
      "extraneous": true,
      "license": "MIT",
      "dependencies": {
        "bundle-require": "^5.1.0",
        "cac": "^6.7.14",
        "chokidar": "^4.0.3",
        "consola": "^3.4.0",
        "debug": "^4.4.0",
        "esbuild": "^0.25.0",
        "joycon": "^3.1.1",
        "picocolors": "^1.1.1",
        "postcss-load-config": "^6.0.1",
        "resolve-from": "^5.0.0",
        "rollup": "^4.34.8",
        "source-map": "0.8.0-beta.0",
        "sucrase": "^3.35.0",
        "tinyexec": "^0.3.2",
        "tinyglobby": "^0.2.11",
        "tree-kill": "^1.2.2"
      },
      "bin": {
        "tsup": "dist/cli-default.js",
        "tsup-node": "dist/cli-node.js"
      },
      "devDependencies": {
        "@microsoft/api-extractor": "^7.50.0",
        "@rollup/plugin-json": "6.1.0",
        "@swc/core": "1.10.18",
        "@types/debug": "4.1.12",
        "@types/node": "22.13.4",
        "@types/resolve": "1.20.6",
        "bumpp": "^10.0.3",
        "flat": "6.0.1",
        "postcss": "8.5.2",
        "postcss-simple-vars": "7.0.1",
        "prettier": "3.5.1",
        "resolve": "1.22.10",
        "rollup-plugin-dts": "6.1.1",
        "sass": "1.85.0",
        "strip-json-comments": "5.0.1",
        "svelte": "5.19.9",
        "svelte-preprocess": "6.0.3",
        "terser": "^5.39.0",
        "ts-essentials": "10.0.4",
        "tsup": "8.3.6",
        "typescript": "5.7.3",
        "vitest": "3.0.6",
        "wait-for-expect": "3.0.2"
      },
      "engines": {
        "node": ">=18"
      },
      "peerDependencies": {
        "@microsoft/api-extractor": "^7.36.0",
        "@swc/core": "^1",
        "postcss": "^8.4.12",
        "typescript": ">=4.5.0"
      },
      "peerDependenciesMeta": {
        "@microsoft/api-extractor": {
          "optional": true
        },
        "@swc/core": {
          "optional": true
        },
        "postcss": {
          "optional": true
        },
        "typescript": {
          "optional": true
        }
      }
    },
    "../../node_modules/.pnpm/tsx@4.19.3/node_modules/tsx": {
      "version": "4.19.3",
      "extraneous": true,
      "license": "MIT",
      "dependencies": {
        "esbuild": "~0.25.0",
        "get-tsconfig": "^4.7.5"
      },
      "bin": {
        "tsx": "dist/cli.mjs"
      },
      "engines": {
        "node": ">=18.0.0"
      },
      "optionalDependencies": {
        "fsevents": "~2.3.3"
      }
    },
    "../../node_modules/.pnpm/typescript@5.8.2/node_modules/typescript": {
      "version": "5.8.2",
      "dev": true,
      "license": "Apache-2.0",
      "bin": {
        "tsc": "bin/tsc",
        "tsserver": "bin/tsserver"
      },
      "devDependencies": {
        "@dprint/formatter": "^0.4.1",
        "@dprint/typescript": "0.93.3",
        "@esfx/canceltoken": "^1.0.0",
        "@eslint/js": "^9.17.0",
        "@octokit/rest": "^21.0.2",
        "@types/chai": "^4.3.20",
        "@types/diff": "^5.2.3",
        "@types/minimist": "^1.2.5",
        "@types/mocha": "^10.0.10",
        "@types/ms": "^0.7.34",
        "@types/node": "latest",
        "@types/source-map-support": "^0.5.10",
        "@types/which": "^3.0.4",
        "@typescript-eslint/rule-tester": "^8.18.1",
        "@typescript-eslint/type-utils": "^8.18.1",
        "@typescript-eslint/utils": "^8.18.1",
        "azure-devops-node-api": "^14.1.0",
        "c8": "^10.1.3",
        "chai": "^4.5.0",
        "chalk": "^4.1.2",
        "chokidar": "^3.6.0",
        "diff": "^5.2.0",
        "dprint": "^0.47.6",
        "esbuild": "^0.24.0",
        "eslint": "^9.17.0",
        "eslint-formatter-autolinkable-stylish": "^1.4.0",
        "eslint-plugin-regexp": "^2.7.0",
        "fast-xml-parser": "^4.5.1",
        "glob": "^10.4.5",
        "globals": "^15.13.0",
        "hereby": "^1.10.0",
        "jsonc-parser": "^3.3.1",
        "knip": "^5.41.0",
        "minimist": "^1.2.8",
        "mocha": "^10.8.2",
        "mocha-fivemat-progress-reporter": "^0.1.0",
        "monocart-coverage-reports": "^2.11.4",
        "ms": "^2.1.3",
        "playwright": "^1.49.1",
        "source-map-support": "^0.5.21",
        "tslib": "^2.8.1",
        "typescript": "^5.7.2",
        "typescript-eslint": "^8.18.1",
        "which": "^3.0.1"
      },
      "engines": {
        "node": ">=14.17"
      }
    },
    "../../node_modules/.pnpm/vitest@2.1.9_@types+node@22.13.10/node_modules/vitest": {
      "version": "2.1.9",
      "dev": true,
      "license": "MIT",
      "dependencies": {
        "@vitest/expect": "2.1.9",
        "@vitest/mocker": "2.1.9",
        "@vitest/pretty-format": "^2.1.9",
        "@vitest/runner": "2.1.9",
        "@vitest/snapshot": "2.1.9",
        "@vitest/spy": "2.1.9",
        "@vitest/utils": "2.1.9",
        "chai": "^5.1.2",
        "debug": "^4.3.7",
        "expect-type": "^1.1.0",
        "magic-string": "^0.30.12",
        "pathe": "^1.1.2",
        "std-env": "^3.8.0",
        "tinybench": "^2.9.0",
        "tinyexec": "^0.3.1",
        "tinypool": "^1.0.1",
        "tinyrainbow": "^1.2.0",
        "vite": "^5.0.0",
        "vite-node": "2.1.9",
        "why-is-node-running": "^2.3.0"
      },
      "bin": {
        "vitest": "vitest.mjs"
      },
      "devDependencies": {
        "@ampproject/remapping": "^2.3.0",
        "@antfu/install-pkg": "^0.4.1",
        "@edge-runtime/vm": "^4.0.4",
        "@sinonjs/fake-timers": "11.1.0",
        "@types/debug": "^4.1.12",
        "@types/estree": "^1.0.6",
        "@types/istanbul-lib-coverage": "^2.0.6",
        "@types/istanbul-reports": "^3.0.4",
        "@types/jsdom": "^21.1.7",
        "@types/micromatch": "^4.0.9",
        "@types/node": "^22.9.0",
        "@types/prompts": "^2.4.9",
        "@types/sinonjs__fake-timers": "^8.1.5",
        "acorn-walk": "^8.3.4",
        "birpc": "0.2.19",
        "cac": "^6.7.14",
        "chai-subset": "^1.6.0",
        "cli-truncate": "^4.0.0",
        "fast-glob": "3.3.2",
        "find-up": "^6.3.0",
        "flatted": "^3.3.1",
        "get-tsconfig": "^4.8.1",
        "happy-dom": "^15.11.4",
        "jsdom": "^25.0.1",
        "local-pkg": "^0.5.0",
        "log-update": "^5.0.1",
        "micromatch": "^4.0.8",
        "pretty-format": "^29.7.0",
        "prompts": "^2.4.2",
        "strip-literal": "^2.1.0",
        "ws": "^8.18.0"
      },
      "engines": {
        "node": "^18.0.0 || >=20.0.0"
      },
      "funding": {
        "url": "https://opencollective.com/vitest"
      },
      "peerDependencies": {
        "@edge-runtime/vm": "*",
        "@types/node": "^18.0.0 || >=20.0.0",
        "@vitest/browser": "2.1.9",
        "@vitest/ui": "2.1.9",
        "happy-dom": "*",
        "jsdom": "*"
      },
      "peerDependenciesMeta": {
        "@edge-runtime/vm": {
          "optional": true
        },
        "@types/node": {
          "optional": true
        },
        "@vitest/browser": {
          "optional": true
        },
        "@vitest/ui": {
          "optional": true
        },
        "happy-dom": {
          "optional": true
        },
        "jsdom": {
          "optional": true
        }
      }
    },
    "../../node_modules/.pnpm/wrangler@3.114.1_@cloudflare+workers-types@4.20250312.0/node_modules/wrangler": {
      "version": "3.114.1",
      "dev": true,
      "license": "MIT OR Apache-2.0",
      "dependencies": {
        "@cloudflare/kv-asset-handler": "0.3.4",
        "@cloudflare/unenv-preset": "2.0.2",
        "@esbuild-plugins/node-globals-polyfill": "0.2.3",
        "@esbuild-plugins/node-modules-polyfill": "0.2.2",
        "blake3-wasm": "2.1.5",
        "esbuild": "0.17.19",
        "miniflare": "3.20250310.0",
        "path-to-regexp": "6.3.0",
        "unenv": "2.0.0-rc.14",
        "workerd": "1.20250310.0"
      },
      "bin": {
        "wrangler": "bin/wrangler.js",
        "wrangler2": "bin/wrangler.js"
      },
      "devDependencies": {
        "@aws-sdk/client-s3": "^3.721.0",
        "@cloudflare/cli": "1.1.1",
        "@cloudflare/eslint-config-worker": "1.1.0",
        "@cloudflare/pages-shared": "^0.13.13",
        "@cloudflare/types": "6.18.4",
        "@cloudflare/workers-shared": "0.15.0",
        "@cloudflare/workers-tsconfig": "0.0.0",
        "@cloudflare/workers-types": "^4.20250310.0",
        "@cspotcode/source-map-support": "0.8.1",
        "@iarna/toml": "^3.0.0",
        "@microsoft/api-extractor": "^7.47.0",
        "@sentry/node": "^7.86.0",
        "@sentry/types": "^7.86.0",
        "@sentry/utils": "^7.86.0",
        "@types/command-exists": "^1.2.0",
        "@types/glob-to-regexp": "^0.4.1",
        "@types/is-ci": "^3.0.0",
        "@types/javascript-time-ago": "^2.0.3",
        "@types/mime": "^3.0.4",
        "@types/minimatch": "^5.1.2",
        "@types/node": "^18.19.75",
        "@types/node-forge": "^1.3.11",
        "@types/prompts": "^2.0.14",
        "@types/resolve": "^1.20.6",
        "@types/shell-quote": "^1.7.2",
        "@types/signal-exit": "^3.0.1",
        "@types/supports-color": "^8.1.1",
        "@types/ws": "^8.5.7",
        "@types/yargs": "^17.0.22",
        "@vitest/ui": "~3.0.5",
        "@webcontainer/env": "^1.1.0",
        "chalk": "^5.2.0",
        "chokidar": "^4.0.1",
        "cli-table3": "^0.6.3",
        "cmd-shim": "^4.1.0",
        "command-exists": "^1.2.9",
        "concurrently": "^8.2.2",
        "date-fns": "^4.1.0",
        "devtools-protocol": "^0.0.1182435",
        "dotenv": "^16.3.1",
        "execa": "^6.1.0",
        "find-up": "^6.3.0",
        "get-port": "^7.0.0",
        "glob-to-regexp": "^0.4.1",
        "https-proxy-agent": "7.0.2",
        "is-ci": "^3.0.1",
        "itty-time": "^1.0.6",
        "javascript-time-ago": "^2.5.4",
        "md5-file": "5.0.0",
        "mime": "^3.0.0",
        "minimatch": "^5.1.0",
        "mock-socket": "^9.3.1",
        "msw": "2.4.3",
        "node-forge": "^1.3.1",
        "open": "^8.4.0",
        "p-queue": "^7.2.0",
        "patch-console": "^1.0.0",
        "pretty-bytes": "^6.0.0",
        "prompts": "^2.4.2",
        "resolve": "^1.22.8",
        "rimraf": "^5.0.10",
        "selfsigned": "^2.0.1",
        "semiver": "^1.1.0",
        "shell-quote": "^1.8.1",
        "signal-exit": "^3.0.7",
        "source-map": "^0.6.1",
        "strip-ansi": "^7.1.0",
        "supports-color": "^9.2.2",
        "timeago.js": "^4.0.2",
        "ts-dedent": "^2.2.0",
        "ts-json-schema-generator": "^1.5.0",
        "typescript": "^5.7.2",
        "undici": "^5.28.5",
        "update-check": "^1.5.4",
        "vitest": "~3.0.5",
        "vitest-websocket-mock": "^0.4.0",
        "ws": "8.18.0",
        "xdg-app-paths": "^8.3.0",
        "xxhash-wasm": "^1.0.1",
        "yargs": "^17.7.2"
      },
      "engines": {
        "node": ">=16.17.0"
      },
      "optionalDependencies": {
        "fsevents": "~2.3.2",
        "sharp": "^0.33.5"
      },
      "peerDependencies": {
        "@cloudflare/workers-types": "^4.20250310.0"
      },
      "peerDependenciesMeta": {
        "@cloudflare/workers-types": {
          "optional": true
        }
      }
    },
    "../../packages/config": {
      "name": "@r3ply/config",
      "version": "0.0.1",
      "extraneous": true,
      "license": "MIT",
      "dependencies": {
        "@exodus/schemasafe": "^1.3.0",
        "json-schema-to-ts": "^3.1.1"
      },
      "devDependencies": {
        "esbuild": "^0.25.1",
        "tsup": "^8.4.0",
        "tsx": "^4.19.3",
        "typescript": "^5.5.4",
        "vitest": "^2.1.9"
      }
    },
    "../../packages/lib": {
      "name": "@r3ply/lib",
      "version": "0.0.1",
      "extraneous": true,
      "license": "MIT",
      "dependencies": {
        "@iarna/toml": "^2.2.5",
        "@mail-parser/ts-bindings": "file:../../tools/mail-parser-ts-bindings-0.9.1.tgz",
        "@r3ply/config": "workspace:*",
        "@r3ply/wasm": "file:../../crates/r3ply-wasm/pkg/r3ply-wasm-0.0.1.tgz",
        "dayjs": "^1.11.13",
        "micromatch": "^4.0.8",
        "oxide.ts": "^1.1.0",
        "tsup": "^8.4.0"
      },
      "devDependencies": {
        "@types/micromatch": "^4.0.9",
        "typescript": "^5.5.4",
        "vitest": "^2.1.9"
      }
    },
    "node_modules/@cloudflare/vitest-pool-workers": {
      "resolved": "../../node_modules/.pnpm/@cloudflare+vitest-pool-workers@0.6.16_@cloudflare+workers-types@4.20250312.0_@vitest+r_a05d4ec52848769485fad449936ee605/node_modules/@cloudflare/vitest-pool-workers",
      "link": true
    },
    "node_modules/@cloudflare/workers-types": {
      "resolved": "../../node_modules/.pnpm/@cloudflare+workers-types@4.20250312.0/node_modules/@cloudflare/workers-types",
      "link": true
    },
    "node_modules/@iarna/toml": {
      "resolved": "../../node_modules/.pnpm/@iarna+toml@3.0.0/node_modules/@iarna/toml",
      "link": true
    },
    "node_modules/@mail-parser/ts-bindings": {
      "version": "0.9.1",
      "resolved": "file:../../tools/mail-parser-ts-bindings-0.9.1.tgz",
      "integrity": "sha512-wRSFve11rJeTCwU16niod3eLySK0VM/KwCGib5Lz9ojdOS7vIqcXbnmMz++C8JRRlToF3u5jIjpd7F5q5m7/KA==",
      "license": "MIT"
    },
    "node_modules/@octokit/app": {
      "resolved": "../../node_modules/.pnpm/@octokit+app@15.1.5/node_modules/@octokit/app",
      "link": true
    },
    "node_modules/@octokit/core": {
      "resolved": "../../node_modules/.pnpm/@octokit+core@6.1.4/node_modules/@octokit/core",
      "link": true
    },
    "node_modules/@octokit/rest": {
      "resolved": "../../node_modules/.pnpm/@octokit+rest@21.1.1/node_modules/@octokit/rest",
      "link": true
    },
    "node_modules/@octokit/types": {
      "resolved": "../../node_modules/.pnpm/@octokit+types@12.6.0/node_modules/@octokit/types",
      "link": true
    },
    "node_modules/@r3ply/wasm": {
      "version": "0.0.1",
      "resolved": "file:../../crates/r3ply-wasm/pkg/r3ply-wasm-0.0.1.tgz",
      "integrity": "sha512-ia18srw6MuxpV/4BfLXpOqJR8eKuZ/Bbm4fK6VTmScIc+cw0w0VuMAMz7nhB+beqqfdB8OZab37JY4nwm5D7FQ=="
    },
    "node_modules/mime": {
      "resolved": "../../node_modules/.pnpm/mime@4.0.6/node_modules/mime",
      "link": true
    },
    "node_modules/mimetext": {
      "resolved": "../../node_modules/.pnpm/mimetext@3.0.27/node_modules/mimetext",
      "link": true
    },
    "node_modules/octokit": {
      "resolved": "../../node_modules/.pnpm/octokit@4.1.2/node_modules/octokit",
      "link": true
    },
    "node_modules/oxide.ts": {
      "resolved": "../../node_modules/.pnpm/oxide.ts@1.1.0/node_modules/oxide.ts",
      "link": true
    },
    "node_modules/typescript": {
      "resolved": "../../node_modules/.pnpm/typescript@5.8.2/node_modules/typescript",
      "link": true
    },
    "node_modules/vitest": {
      "resolved": "../../node_modules/.pnpm/vitest@2.1.9_@types+node@22.13.10/node_modules/vitest",
      "link": true
    },
    "node_modules/wrangler": {
      "resolved": "../../node_modules/.pnpm/wrangler@3.114.1_@cloudflare+workers-types@4.20250312.0/node_modules/wrangler",
      "link": true
    }
  }
}
